
Microsoft Visual Studio Solution File, Format Version 12.00
# Visual Studio 14
VisualStudioVersion = 14.0.25420.1
MinimumVisualStudioVersion = 10.0.40219.1
Project("{FAE04EC0-301F-11D3-BF4B-00C04F79EFBC}") = "PracticeCSharp", "PracticeCSharp\PracticeCSharp.csproj", "{BBE4FE91-1EB5-4725-B7CA-3FA25978E4C5}"
EndProject
Project("{FAE04EC0-301F-11D3-BF4B-00C04F79EFBC}") = "LearnOOAD", "LearnOOAD\LearnOOAD.csproj", "{0B5A609F-CD9A-49FE-AA94-5031FCA1DCB6}"
EndProject
Global
	GlobalSection(SolutionConfigurationPlatforms) = preSolution
		Debug|Any CPU = Debug|Any CPU
		Release|Any CPU = Release|Any CPU
	EndGlobalSection
	GlobalSection(ProjectConfigurationPlatforms) = postSolution
		{BBE4FE91-1EB5-4725-B7CA-3FA25978E4C5}.Debug|Any CPU.ActiveCfg = Debug|Any CPU
		{BBE4FE91-1EB5-4725-B7CA-3FA25978E4C5}.Debug|Any CPU.Build.0 = Debug|Any CPU
		{BBE4FE91-1EB5-4725-B7CA-3FA25978E4C5}.Release|Any CPU.ActiveCfg = Release|Any CPU
		{BBE4FE91-1EB5-4725-B7CA-3FA25978E4C5}.Release|Any CPU.Build.0 = Release|Any CPU
		{0B5A609F-CD9A-49FE-AA94-5031FCA1DCB6}.Debug|Any CPU.ActiveCfg = Debug|Any CPU
		{0B5A609F-CD9A-49FE-AA94-5031FCA1DCB6}.Debug|Any CPU.Build.0 = Debug|Any CPU
		{0B5A609F-CD9A-49FE-AA94-5031FCA1DCB6}.Release|Any CPU.ActiveCfg = Release|Any CPU
		{0B5A609F-CD9A-49FE-AA94-5031FCA1DCB6}.Release|Any CPU.Build.0 = Release|Any CPU
	EndGlobalSection
	GlobalSection(SolutionProperties) = preSolution
		HideSolutionNode = FALSE
	EndGlobalSection
EndGlobal
